
Microsoft Visual Studio Solution File, Format Version 12.00
# Visual Studio 15
VisualStudioVersion = 15.0.26124.0
MinimumVisualStudioVersion = 15.0.26124.0
Project("{2150E333-8FDC-42A3-9474-1A3956D46DE8}") = "src", "src", "{29351B7A-EBF4-4C79-83DE-258BB1F6786C}"
EndProject
Project("{FAE04EC0-301F-11D3-BF4B-00C04F79EFBC}") = "Rocket.Surgery.Extensions.App.Metrics", "src\App.Metrics\Rocket.Surgery.Extensions.App.Metrics.csproj", "{E300733B-55E1-4D35-8E12-006AD7427CF3}"
EndProject
Project("{FAE04EC0-301F-11D3-BF4B-00C04F79EFBC}") = "Rocket.Surgery.Extensions.App.Metrics.Abstractions", "src\App.Metrics.Abstractions\Rocket.Surgery.Extensions.App.Metrics.Abstractions.csproj", "{33D674C3-88D3-410F-9ECC-DE7103C03559}"
EndProject
Project("{2150E333-8FDC-42A3-9474-1A3956D46DE8}") = "test", "test", "{AFBC8403-8C19-432F-9C21-56E1A221F6F4}"
EndProject
Project("{FAE04EC0-301F-11D3-BF4B-00C04F79EFBC}") = "Rocket.Surgery.Extensions.App.Metrics.Tests", "test\App.Metrics.Tests\Rocket.Surgery.Extensions.App.Metrics.Tests.csproj", "{B2724C23-4EB2-4735-885A-043481A75D5B}"
EndProject
Global
	GlobalSection(SolutionConfigurationPlatforms) = preSolution
		Debug|Any CPU = Debug|Any CPU
		Debug|x64 = Debug|x64
		Debug|x86 = Debug|x86
		Release|Any CPU = Release|Any CPU
		Release|x64 = Release|x64
		Release|x86 = Release|x86
	EndGlobalSection
	GlobalSection(SolutionProperties) = preSolution
		HideSolutionNode = FALSE
	EndGlobalSection
	GlobalSection(ProjectConfigurationPlatforms) = postSolution
		{E300733B-55E1-4D35-8E12-006AD7427CF3}.Debug|Any CPU.ActiveCfg = Debug|Any CPU
		{E300733B-55E1-4D35-8E12-006AD7427CF3}.Debug|Any CPU.Build.0 = Debug|Any CPU
		{E300733B-55E1-4D35-8E12-006AD7427CF3}.Debug|x64.ActiveCfg = Debug|Any CPU
		{E300733B-55E1-4D35-8E12-006AD7427CF3}.Debug|x64.Build.0 = Debug|Any CPU
		{E300733B-55E1-4D35-8E12-006AD7427CF3}.Debug|x86.ActiveCfg = Debug|Any CPU
		{E300733B-55E1-4D35-8E12-006AD7427CF3}.Debug|x86.Build.0 = Debug|Any CPU
		{E300733B-55E1-4D35-8E12-006AD7427CF3}.Release|Any CPU.ActiveCfg = Release|Any CPU
		{E300733B-55E1-4D35-8E12-006AD7427CF3}.Release|Any CPU.Build.0 = Release|Any CPU
		{E300733B-55E1-4D35-8E12-006AD7427CF3}.Release|x64.ActiveCfg = Release|Any CPU
		{E300733B-55E1-4D35-8E12-006AD7427CF3}.Release|x64.Build.0 = Release|Any CPU
		{E300733B-55E1-4D35-8E12-006AD7427CF3}.Release|x86.ActiveCfg = Release|Any CPU
		{E300733B-55E1-4D35-8E12-006AD7427CF3}.Release|x86.Build.0 = Release|Any CPU
		{33D674C3-88D3-410F-9ECC-DE7103C03559}.Debug|Any CPU.ActiveCfg = Debug|Any CPU
		{33D674C3-88D3-410F-9ECC-DE7103C03559}.Debug|Any CPU.Build.0 = Debug|Any CPU
		{33D674C3-88D3-410F-9ECC-DE7103C03559}.Debug|x64.ActiveCfg = Debug|Any CPU
		{33D674C3-88D3-410F-9ECC-DE7103C03559}.Debug|x64.Build.0 = Debug|Any CPU
		{33D674C3-88D3-410F-9ECC-DE7103C03559}.Debug|x86.ActiveCfg = Debug|Any CPU
		{33D674C3-88D3-410F-9ECC-DE7103C03559}.Debug|x86.Build.0 = Debug|Any CPU
		{33D674C3-88D3-410F-9ECC-DE7103C03559}.Release|Any CPU.ActiveCfg = Release|Any CPU
		{33D674C3-88D3-410F-9ECC-DE7103C03559}.Release|Any CPU.Build.0 = Release|Any CPU
		{33D674C3-88D3-410F-9ECC-DE7103C03559}.Release|x64.ActiveCfg = Release|Any CPU
		{33D674C3-88D3-410F-9ECC-DE7103C03559}.Release|x64.Build.0 = Release|Any CPU
		{33D674C3-88D3-410F-9ECC-DE7103C03559}.Release|x86.ActiveCfg = Release|Any CPU
		{33D674C3-88D3-410F-9ECC-DE7103C03559}.Release|x86.Build.0 = Release|Any CPU
		{B2724C23-4EB2-4735-885A-043481A75D5B}.Debug|Any CPU.ActiveCfg = Debug|Any CPU
		{B2724C23-4EB2-4735-885A-043481A75D5B}.Debug|Any CPU.Build.0 = Debug|Any CPU
		{B2724C23-4EB2-4735-885A-043481A75D5B}.Debug|x64.ActiveCfg = Debug|Any CPU
		{B2724C23-4EB2-4735-885A-043481A75D5B}.Debug|x64.Build.0 = Debug|Any CPU
		{B2724C23-4EB2-4735-885A-043481A75D5B}.Debug|x86.ActiveCfg = Debug|Any CPU
		{B2724C23-4EB2-4735-885A-043481A75D5B}.Debug|x86.Build.0 = Debug|Any CPU
		{B2724C23-4EB2-4735-885A-043481A75D5B}.Release|Any CPU.ActiveCfg = Release|Any CPU
		{B2724C23-4EB2-4735-885A-043481A75D5B}.Release|Any CPU.Build.0 = Release|Any CPU
		{B2724C23-4EB2-4735-885A-043481A75D5B}.Release|x64.ActiveCfg = Release|Any CPU
		{B2724C23-4EB2-4735-885A-043481A75D5B}.Release|x64.Build.0 = Release|Any CPU
		{B2724C23-4EB2-4735-885A-043481A75D5B}.Release|x86.ActiveCfg = Release|Any CPU
		{B2724C23-4EB2-4735-885A-043481A75D5B}.Release|x86.Build.0 = Release|Any CPU
	EndGlobalSection
	GlobalSection(NestedProjects) = preSolution
		{E300733B-55E1-4D35-8E12-006AD7427CF3} = {29351B7A-EBF4-4C79-83DE-258BB1F6786C}
		{33D674C3-88D3-410F-9ECC-DE7103C03559} = {29351B7A-EBF4-4C79-83DE-258BB1F6786C}
		{B2724C23-4EB2-4735-885A-043481A75D5B} = {AFBC8403-8C19-432F-9C21-56E1A221F6F4}
	EndGlobalSection
EndGlobal
