
Microsoft Visual Studio Solution File, Format Version 12.00
# Visual Studio Version 16
VisualStudioVersion = 16.0.29006.145
MinimumVisualStudioVersion = 15.0.26124.0
Project("{2150E333-8FDC-42A3-9474-1A3956D46DE8}") = ".config", ".config", "{5E1B98B4-5433-4927-985F-A21C707F9D6F}"
	ProjectSection(SolutionItems) = preProject
		.editorconfig = .editorconfig
		.gitattributes = .gitattributes
		.gitignore = .gitignore
		.gitmodules = .gitmodules
		GitVersion.yml = GitVersion.yml
		LICENSE = LICENSE
		NuGet.config = NuGet.config
		omnisharp.json = omnisharp.json
		Readme.md = Readme.md
	EndProjectSection
EndProject
Project("{2150E333-8FDC-42A3-9474-1A3956D46DE8}") = ".build", ".build", "{43A8F453-FC34-4E1B-8F1B-1C829B9CBAC3}"
	ProjectSection(SolutionItems) = preProject
		.appveyor.yml = .appveyor.yml
		azure-pipelines.yml = azure-pipelines.yml
		build.ps1 = build.ps1
		build.sh = build.sh
		cakefile.cake = cakefile.cake
		Directory.Build.props = Directory.Build.props
		Directory.Build.targets = Directory.Build.targets
		tools\packages.config = tools\packages.config
		Packages.props = Packages.props
	EndProjectSection
EndProject
Project("{2150E333-8FDC-42A3-9474-1A3956D46DE8}") = ".dependabot", ".dependabot", "{5197326A-B8BB-4C7B-8A66-84B5132573B4}"
	ProjectSection(SolutionItems) = preProject
		.dependabot\config.yml = .dependabot\config.yml
	EndProjectSection
EndProject
Project("{2150E333-8FDC-42A3-9474-1A3956D46DE8}") = "src", "src", "{8FFDF555-DB50-45F9-9A2D-6410F39151C3}"
	ProjectSection(SolutionItems) = preProject
		src\Directory.Build.props = src\Directory.Build.props
		src\Directory.Build.targets = src\Directory.Build.targets
	EndProjectSection
EndProject
Project("{2150E333-8FDC-42A3-9474-1A3956D46DE8}") = "test", "test", "{DF33E0FB-9790-4654-B60F-8AB22E0CC3D1}"
	ProjectSection(SolutionItems) = preProject
		test\Directory.Build.props = test\Directory.Build.props
		test\Directory.Build.targets = test\Directory.Build.targets
	EndProjectSection
EndProject
Project("{FAE04EC0-301F-11D3-BF4B-00C04F79EFBC}") = "Rocket.Surgery.Extensions.App.Metrics", "src\App.Metrics\Rocket.Surgery.Extensions.App.Metrics.csproj", "{F99F1BE9-B2AC-4C5A-A0F0-AA63271B48CC}"
EndProject
Project("{FAE04EC0-301F-11D3-BF4B-00C04F79EFBC}") = "Rocket.Surgery.Extensions.App.Metrics.Abstractions", "src\App.Metrics.Abstractions\Rocket.Surgery.Extensions.App.Metrics.Abstractions.csproj", "{163379D6-A5E9-49D1-BC30-28908CCBA174}"
EndProject
Project("{FAE04EC0-301F-11D3-BF4B-00C04F79EFBC}") = "Rocket.Surgery.Extensions.App.Metrics.Tests", "test\App.Metrics.Tests\Rocket.Surgery.Extensions.App.Metrics.Tests.csproj", "{F10FDB18-D8E5-40F5-8C8C-497EC1D69CD6}"
EndProject
Global
	GlobalSection(SolutionConfigurationPlatforms) = preSolution
		Debug|Any CPU = Debug|Any CPU
		Debug|x64 = Debug|x64
		Debug|x86 = Debug|x86
		Release|Any CPU = Release|Any CPU
		Release|x64 = Release|x64
		Release|x86 = Release|x86
	EndGlobalSection
	GlobalSection(ProjectConfigurationPlatforms) = postSolution
		{F99F1BE9-B2AC-4C5A-A0F0-AA63271B48CC}.Debug|Any CPU.ActiveCfg = Debug|Any CPU
		{F99F1BE9-B2AC-4C5A-A0F0-AA63271B48CC}.Debug|Any CPU.Build.0 = Debug|Any CPU
		{F99F1BE9-B2AC-4C5A-A0F0-AA63271B48CC}.Debug|x64.ActiveCfg = Debug|Any CPU
		{F99F1BE9-B2AC-4C5A-A0F0-AA63271B48CC}.Debug|x64.Build.0 = Debug|Any CPU
		{F99F1BE9-B2AC-4C5A-A0F0-AA63271B48CC}.Debug|x86.ActiveCfg = Debug|Any CPU
		{F99F1BE9-B2AC-4C5A-A0F0-AA63271B48CC}.Debug|x86.Build.0 = Debug|Any CPU
		{F99F1BE9-B2AC-4C5A-A0F0-AA63271B48CC}.Release|Any CPU.ActiveCfg = Release|Any CPU
		{F99F1BE9-B2AC-4C5A-A0F0-AA63271B48CC}.Release|Any CPU.Build.0 = Release|Any CPU
		{F99F1BE9-B2AC-4C5A-A0F0-AA63271B48CC}.Release|x64.ActiveCfg = Release|Any CPU
		{F99F1BE9-B2AC-4C5A-A0F0-AA63271B48CC}.Release|x64.Build.0 = Release|Any CPU
		{F99F1BE9-B2AC-4C5A-A0F0-AA63271B48CC}.Release|x86.ActiveCfg = Release|Any CPU
		{F99F1BE9-B2AC-4C5A-A0F0-AA63271B48CC}.Release|x86.Build.0 = Release|Any CPU
		{163379D6-A5E9-49D1-BC30-28908CCBA174}.Debug|Any CPU.ActiveCfg = Debug|Any CPU
		{163379D6-A5E9-49D1-BC30-28908CCBA174}.Debug|Any CPU.Build.0 = Debug|Any CPU
		{163379D6-A5E9-49D1-BC30-28908CCBA174}.Debug|x64.ActiveCfg = Debug|Any CPU
		{163379D6-A5E9-49D1-BC30-28908CCBA174}.Debug|x64.Build.0 = Debug|Any CPU
		{163379D6-A5E9-49D1-BC30-28908CCBA174}.Debug|x86.ActiveCfg = Debug|Any CPU
		{163379D6-A5E9-49D1-BC30-28908CCBA174}.Debug|x86.Build.0 = Debug|Any CPU
		{163379D6-A5E9-49D1-BC30-28908CCBA174}.Release|Any CPU.ActiveCfg = Release|Any CPU
		{163379D6-A5E9-49D1-BC30-28908CCBA174}.Release|Any CPU.Build.0 = Release|Any CPU
		{163379D6-A5E9-49D1-BC30-28908CCBA174}.Release|x64.ActiveCfg = Release|Any CPU
		{163379D6-A5E9-49D1-BC30-28908CCBA174}.Release|x64.Build.0 = Release|Any CPU
		{163379D6-A5E9-49D1-BC30-28908CCBA174}.Release|x86.ActiveCfg = Release|Any CPU
		{163379D6-A5E9-49D1-BC30-28908CCBA174}.Release|x86.Build.0 = Release|Any CPU
		{F10FDB18-D8E5-40F5-8C8C-497EC1D69CD6}.Debug|Any CPU.ActiveCfg = Debug|Any CPU
		{F10FDB18-D8E5-40F5-8C8C-497EC1D69CD6}.Debug|Any CPU.Build.0 = Debug|Any CPU
		{F10FDB18-D8E5-40F5-8C8C-497EC1D69CD6}.Debug|x64.ActiveCfg = Debug|Any CPU
		{F10FDB18-D8E5-40F5-8C8C-497EC1D69CD6}.Debug|x64.Build.0 = Debug|Any CPU
		{F10FDB18-D8E5-40F5-8C8C-497EC1D69CD6}.Debug|x86.ActiveCfg = Debug|Any CPU
		{F10FDB18-D8E5-40F5-8C8C-497EC1D69CD6}.Debug|x86.Build.0 = Debug|Any CPU
		{F10FDB18-D8E5-40F5-8C8C-497EC1D69CD6}.Release|Any CPU.ActiveCfg = Release|Any CPU
		{F10FDB18-D8E5-40F5-8C8C-497EC1D69CD6}.Release|Any CPU.Build.0 = Release|Any CPU
		{F10FDB18-D8E5-40F5-8C8C-497EC1D69CD6}.Release|x64.ActiveCfg = Release|Any CPU
		{F10FDB18-D8E5-40F5-8C8C-497EC1D69CD6}.Release|x64.Build.0 = Release|Any CPU
		{F10FDB18-D8E5-40F5-8C8C-497EC1D69CD6}.Release|x86.ActiveCfg = Release|Any CPU
		{F10FDB18-D8E5-40F5-8C8C-497EC1D69CD6}.Release|x86.Build.0 = Release|Any CPU
	EndGlobalSection
	GlobalSection(SolutionProperties) = preSolution
		HideSolutionNode = FALSE
	EndGlobalSection
	GlobalSection(ExtensibilityGlobals) = postSolution
		SolutionGuid = {439897C2-CCBD-44FE-B2DC-A3E4670ADA59}
	EndGlobalSection
	GlobalSection(NestedProjects) = preSolution
		{F99F1BE9-B2AC-4C5A-A0F0-AA63271B48CC} = {8FFDF555-DB50-45F9-9A2D-6410F39151C3}
		{163379D6-A5E9-49D1-BC30-28908CCBA174} = {8FFDF555-DB50-45F9-9A2D-6410F39151C3}
		{F10FDB18-D8E5-40F5-8C8C-497EC1D69CD6} = {DF33E0FB-9790-4654-B60F-8AB22E0CC3D1}
	EndGlobalSection
EndGlobal
